{
  "version": 4,
  "terraform_version": "1.6.2",
  "serial": 3,
  "lineage": "61c947ee-0565-51f4-684a-5de49843c4ee",
  "outputs": {},
  "resources": [
    {
      "mode": "managed",
      "type": "aws_codecommit_repository",
      "name": "ww-cards-repo",
      "provider": "provider[\"registry.terraform.io/hashicorp/aws\"]",
      "instances": [
        {
          "schema_version": 0,
          "attributes": {
            "arn": "arn:aws:codecommit:us-east-1:650354402179:wernerware-cards",
            "clone_url_http": "https://git-codecommit.us-east-1.amazonaws.com/v1/repos/wernerware-cards",
            "clone_url_ssh": "ssh://git-codecommit.us-east-1.amazonaws.com/v1/repos/wernerware-cards",
            "default_branch": null,
            "description": "The cards project repo",
            "id": "wernerware-cards",
            "repository_id": "6dcb0a07-13c9-4d9e-b141-6315cc90a172",
            "repository_name": "wernerware-cards",
            "tags": null,
            "tags_all": {}
          },
          "sensitive_attributes": [],
          "private": "bnVsbA=="
        }
      ]
    }
  ],
  "check_results": null
}
